// !$*UTF8*$!
{
	archiveVersion = 1;
	classes = {
	};
	objectVersion = 38;
	objects = {
		014CEA520018CE5811CA2923 = {
			buildRules = (
			);
			buildSettings = {
				COPY_PHASE_STRIP = NO;
				OPTIMIZATION_CFLAGS = "-O0";
			};
			isa = PBXBuildStyle;
			name = Development;
		};
		014CEA530018CE5811CA2923 = {
			buildRules = (
			);
			buildSettings = {
				COPY_PHASE_STRIP = YES;
			};
			isa = PBXBuildStyle;
			name = Deployment;
		};
//010
//011
//012
//013
//014
//030
//031
//032
//033
//034
		034768E8FF38A79811DB9C8B = {
			isa = PBXExecutableFileReference;
			path = jackd;
			refType = 3;
		};
//030
//031
//032
//033
//034
//080
//081
//082
//083
//084
		08FB7793FE84155DC02AAC07 = {
			buildStyles = (
				014CEA520018CE5811CA2923,
				014CEA530018CE5811CA2923,
			);
			hasScannedForEncodings = 1;
			isa = PBXProject;
			mainGroup = 08FB7794FE84155DC02AAC07;
			projectDirPath = "";
			targets = (
				08FB779FFE84155DC02AAC07,
				4BA1CADE0470D14500053105,
				4BBB87300406EF300019BE76,
				4BCA2602040B8B9400053105,
				4BF8712F040BDE8200053105,
				4BA1CB000470D38800053105,
				4BA1E4570442D99D00053105,
			);
		};
		08FB7794FE84155DC02AAC07 = {
			children = (
				4BA9D903040E0CC200053105,
				4B6CBA33041F4DDF00053105,
				4B6AF278041F4DBC00053105,
				4BA716600408E047004F4E3A,
				4BA7165F0408DFF5004F4E3A,
				08FB7795FE84155DC02AAC07,
				C6A0FF2B0290797F04C91782,
				1AB674ADFE9D54B511CA2CBB,
			);
			isa = PBXGroup;
			name = jackd;
			refType = 4;
		};
		08FB7795FE84155DC02AAC07 = {
			children = (
				4B6BFD45042B4E4D00053105,
				4B813E0D0406ACEE00053105,
				4B813E110406AD4900053105,
				4B813E120406AD4900053105,
				4BB407B0044DB8EF00053105,
			);
			isa = PBXGroup;
			name = Client;
			refType = 4;
		};
		08FB779FFE84155DC02AAC07 = {
			buildPhases = (
				08FB77A0FE84155DC02AAC07,
				08FB77A1FE84155DC02AAC07,
				08FB77A3FE84155DC02AAC07,
				08FB77A5FE84155DC02AAC07,
				C6A0FF2D029079AD04C91782,
			);
			buildSettings = {
				FRAMEWORK_SEARCH_PATHS = "";
				HEADER_SEARCH_PATHS = "../ /sw/include";
				INSTALL_PATH = "$(HOME)/bin";
				LIBRARY_SEARCH_PATHS = /sw/lib;
				OPTIMIZATION_CFLAGS = "-O3";
				OTHER_CFLAGS = "-Ddlsym=dlsym_auto_underscore";
				OTHER_LDFLAGS = "-framework CoreAudio -ldl ";
				OTHER_REZFLAGS = "";
				PRODUCT_NAME = jackd;
				REZ_EXECUTABLE = YES;
				SECTORDER_FLAGS = "";
				WARNING_CFLAGS = "-Wmost -Wno-four-char-constants -Wno-unknown-pragmas";
			};
			dependencies = (
			);
			isa = PBXToolTarget;
			name = jackd;
			productInstallPath = "$(HOME)/bin";
			productName = jackd;
			productReference = 034768E8FF38A79811DB9C8B;
		};
		08FB77A0FE84155DC02AAC07 = {
			buildActionMask = 2147483647;
			files = (
				4BA7173304090368004F4E3A,
				4BA7173404090369004F4E3A,
				4BA7173504090369004F4E3A,
				4BA717360409036A004F4E3A,
				4BA717370409036A004F4E3A,
				4BA717380409036B004F4E3A,
				4BA717390409036C004F4E3A,
				4BA7173A0409036C004F4E3A,
				4BA7173B0409036D004F4E3A,
				4BA7173C0409036D004F4E3A,
				4BA7173D0409036E004F4E3A,
				4BA7173E0409036F004F4E3A,
				4BA7173F0409036F004F4E3A,
				4BA7174004090370004F4E3A,
				4BA7174104090370004F4E3A,
				4BA7174204090371004F4E3A,
				4BA7174304090372004F4E3A,
				4B099345041FB67A00053105,
				4B6BFD3E042B26F800053105,
				4B6BFD42042B274900053105,
				4B16FF920467B5A000053105,
				4BB9E095046FADED00053105,
				4B5B51EE047D353A00053105,
				4BAA76A7047E0D5200053105,
			);
			isa = PBXHeadersBuildPhase;
			runOnlyForDeploymentPostprocessing = 0;
		};
		08FB77A1FE84155DC02AAC07 = {
			buildActionMask = 2147483647;
			files = (
				4B63C61404092FC90030C2C8,
				4BD69BCE040A860400053105,
				4BD69BCF040A860800053105,
				4B032A1E040AA1B000053105,
				4B032A26040AA3D200053105,
				4B6CBA45041F50C600053105,
				4BE14029041FB98500053105,
				4B6BFD46042B4E4D00053105,
				4BB407B2044DB8EF00053105,
				4B5B51ED047D353A00053105,
			);
			isa = PBXSourcesBuildPhase;
			runOnlyForDeploymentPostprocessing = 0;
		};
		08FB77A3FE84155DC02AAC07 = {
			buildActionMask = 2147483647;
			files = (
			);
			isa = PBXFrameworksBuildPhase;
			runOnlyForDeploymentPostprocessing = 0;
		};
		08FB77A5FE84155DC02AAC07 = {
			buildActionMask = 2147483647;
			files = (
			);
			isa = PBXRezBuildPhase;
			runOnlyForDeploymentPostprocessing = 0;
		};
//080
//081
//082
//083
//084
//1A0
//1A1
//1A2
//1A3
//1A4
		1AB674ADFE9D54B511CA2CBB = {
			children = (
				034768E8FF38A79811DB9C8B,
				4BBB87310406EF300019BE76,
				4BCA2603040B8B9400053105,
				4BF87130040BDE8200053105,
				4BA1E4580442D99D00053105,
				4BA1CADF0470D14500053105,
				4BA1CB010470D38800053105,
			);
			isa = PBXGroup;
			name = Products;
			refType = 4;
		};
//1A0
//1A1
//1A2
//1A3
//1A4
//4B0
//4B1
//4B2
//4B3
//4B4
		4B032A1E040AA1B000053105 = {
			fileRef = 4B813E0D0406ACEE00053105;
			isa = PBXBuildFile;
			settings = {
			};
		};
		4B032A26040AA3D200053105 = {
			fileRef = 4B813E110406AD4900053105;
			isa = PBXBuildFile;
			settings = {
			};
		};
		4B032A29040AA91C00053105 = {
			fileRef = 4B813E0F0406AD3100053105;
			isa = PBXBuildFile;
			settings = {
			};
		};
		4B032A2B040AA94B00053105 = {
			fileRef = 4B813E0D0406ACEE00053105;
			isa = PBXBuildFile;
			settings = {
			};
		};
		4B032A2C040AA95400053105 = {
			fileRef = 4B813E110406AD4900053105;
			isa = PBXBuildFile;
			settings = {
			};
		};
		4B032A3E040AB68E00053105 = {
			fileEncoding = 30;
			isa = PBXFileReference;
			name = simple_client.c;
			path = "../example-clients/simple_client.c";
			refType = 2;
		};
		4B099342041FB67A00053105 = {
			fileEncoding = 30;
			isa = PBXFileReference;
			path = fakepoll.c;
			refType = 4;
		};
		4B099343041FB67A00053105 = {
			fileEncoding = 30;
			isa = PBXFileReference;
			path = fakepoll.h;
			refType = 4;
		};
		4B099345041FB67A00053105 = {
			fileRef = 4B099343041FB67A00053105;
			isa = PBXBuildFile;
			settings = {
			};
		};
		4B099348041FB67A00053105 = {
			fileRef = 4B099342041FB67A00053105;
			isa = PBXBuildFile;
			settings = {
			};
		};
		4B099349041FB67A00053105 = {
			fileRef = 4B099343041FB67A00053105;
			isa = PBXBuildFile;
			settings = {
			};
		};
		4B16FF900467B5A000053105 = {
			fileEncoding = 30;
			isa = PBXFileReference;
			path = pThreadUtilities.h;
			refType = 2;
		};
		4B16FF920467B5A000053105 = {
			fileRef = 4B16FF900467B5A000053105;
			isa = PBXBuildFile;
			settings = {
			};
		};
		4B5B51E9047D353A00053105 = {
			fileEncoding = 30;
			isa = PBXFileReference;
			path = ipc.c;
			refType = 2;
		};
		4B5B51EA047D353A00053105 = {
			fileEncoding = 30;
			isa = PBXFileReference;
			path = ipc.h;
			refType = 2;
		};
		4B5B51EB047D353A00053105 = {
			fileRef = 4B5B51E9047D353A00053105;
			isa = PBXBuildFile;
			settings = {
			};
		};
		4B5B51EC047D353A00053105 = {
			fileRef = 4B5B51EA047D353A00053105;
			isa = PBXBuildFile;
			settings = {
			};
		};
		4B5B51ED047D353A00053105 = {
			fileRef = 4B5B51E9047D353A00053105;
			isa = PBXBuildFile;
			settings = {
			};
		};
		4B5B51EE047D353A00053105 = {
			fileRef = 4B5B51EA047D353A00053105;
			isa = PBXBuildFile;
			settings = {
			};
		};
		4B5B51EF047D353A00053105 = {
			fileRef = 4B5B51E9047D353A00053105;
			isa = PBXBuildFile;
			settings = {
			};
		};
		4B5B51F0047D353A00053105 = {
			fileRef = 4B5B51EA047D353A00053105;
			isa = PBXBuildFile;
			settings = {
			};
		};
		4B5EA35F0406AB6E00053105 = {
			fileEncoding = 30;
			isa = PBXFileReference;
			name = engine.c;
			path = ../jackd/engine.c;
			refType = 2;
		};
		4B5EA37B0406AB6E00053105 = {
			fileEncoding = 30;
			isa = PBXFileReference;
			name = jackd.c;
			path = ../jackd/jackd.c;
			refType = 2;
		};
		4B63C61404092FC90030C2C8 = {
			fileRef = 4B5EA35F0406AB6E00053105;
			isa = PBXBuildFile;
			settings = {
			};
		};
		4B6AF278041F4DBC00053105 = {
			children = (
				4B90CACE0445A2BE00053105,
				4B032A3E040AB68E00053105,
				4BDCF513040CDA7100053105,
				4BCA2605040B8BC900053105,
				4BF87132040BDEAE00053105,
				4BA1E44F0442D89100053105,
			);
			isa = PBXGroup;
			name = Samples;
			refType = 4;
		};
		4B6BFD3D042B26F800053105 = {
			fileEncoding = 30;
			isa = PBXFileReference;
			name = local.h;
			path = ../libjack/local.h;
			refType = 2;
		};
		4B6BFD3E042B26F800053105 = {
			fileRef = 4B6BFD3D042B26F800053105;
			isa = PBXBuildFile;
			settings = {
			};
		};
		4B6BFD40042B26F800053105 = {
			fileRef = 4B6BFD3D042B26F800053105;
			isa = PBXBuildFile;
			settings = {
			};
		};
		4B6BFD41042B274900053105 = {
			fileEncoding = 30;
			isa = PBXFileReference;
			name = time.h;
			path = ../jack/time.h;
			refType = 2;
		};
		4B6BFD42042B274900053105 = {
			fileRef = 4B6BFD41042B274900053105;
			isa = PBXBuildFile;
			settings = {
			};
		};
		4B6BFD44042B274900053105 = {
			fileRef = 4B6BFD41042B274900053105;
			isa = PBXBuildFile;
			settings = {
			};
		};
		4B6BFD45042B4E4D00053105 = {
			fileEncoding = 30;
			isa = PBXFileReference;
			name = port.c;
			path = ../libjack/port.c;
			refType = 2;
		};
		4B6BFD46042B4E4D00053105 = {
			fileRef = 4B6BFD45042B4E4D00053105;
			isa = PBXBuildFile;
			settings = {
			};
		};
		4B6BFD48042B4F0800053105 = {
			fileRef = 4B6BFD45042B4E4D00053105;
			isa = PBXBuildFile;
			settings = {
			};
		};
		4B6CBA33041F4DDF00053105 = {
			children = (
				4B6CBA3F041F4F4D00053105,
				4B16FF900467B5A000053105,
				4B099342041FB67A00053105,
				4B099343041FB67A00053105,
				4B5B51E9047D353A00053105,
				4B5B51EA047D353A00053105,
				4BB9E091046FADED00053105,
				4BAA76A6047E0D5200053105,
			);
			isa = PBXGroup;
			name = Porting_code;
			refType = 4;
		};
		4B6CBA3F041F4F4D00053105 = {
			fileEncoding = 30;
			isa = PBXFileReference;
			path = pThreadUtilities.c;
			refType = 4;
		};
		4B6CBA45041F50C600053105 = {
			fileRef = 4B6CBA3F041F4F4D00053105;
			isa = PBXBuildFile;
			settings = {
			};
		};
		4B6CBA67041F79CE00053105 = {
			fileRef = 4B6CBA3F041F4F4D00053105;
			isa = PBXBuildFile;
			settings = {
			};
		};
		4B813E0D0406ACEE00053105 = {
			fileEncoding = 30;
			isa = PBXFileReference;
			name = client.c;
			path = ../libjack/client.c;
			refType = 4;
		};
		4B813E0F0406AD3100053105 = {
			fileEncoding = 30;
			isa = PBXFileReference;
			name = driver.c;
			path = ../libjack/driver.c;
			refType = 4;
		};
		4B813E110406AD4900053105 = {
			fileEncoding = 30;
			isa = PBXFileReference;
			name = pool.c;
			path = ../libjack/pool.c;
			refType = 4;
		};
		4B813E120406AD4900053105 = {
			fileEncoding = 30;
			isa = PBXFileReference;
			name = timestamps.c;
			path = ../libjack/timestamps.c;
			refType = 4;
		};
		4B90CACE0445A2BE00053105 = {
			fileEncoding = 30;
			isa = PBXFileReference;
			name = connection.c;
			path = "../example-clients/connection.c";
			refType = 4;
		};
		4BA1CAD90470D14500053105 = {
			buildActionMask = 2147483647;
			files = (
				4BA1CAE60470D1FB00053105,
				4BA1CAE80470D1FC00053105,
				4BA1CAEA0470D1FD00053105,
				4BA1CAEC0470D24100053105,
				4BA1CAED0470D24300053105,
				4BA1CAEE0470D24500053105,
				4BA1CAEF0470D26000053105,
				4B5B51F0047D353A00053105,
			);
			isa = PBXHeadersBuildPhase;
			runOnlyForDeploymentPostprocessing = 0;
		};
		4BA1CADA0470D14500053105 = {
			buildActionMask = 2147483647;
			files = (
			);
			isa = PBXResourcesBuildPhase;
			runOnlyForDeploymentPostprocessing = 0;
		};
		4BA1CADB0470D14500053105 = {
			buildActionMask = 2147483647;
			files = (
				4BA1CAE00470D16200053105,
				4BA1CAE10470D16300053105,
				4BA1CAE20470D16300053105,
				4BA1CAE30470D16400053105,
				4BA1CAE40470D16400053105,
				4BA1CAE50470D1FA00053105,
				4BA1CAE70470D1FB00053105,
				4B5B51EF047D353A00053105,
			);
			isa = PBXSourcesBuildPhase;
			runOnlyForDeploymentPostprocessing = 0;
		};
		4BA1CADC0470D14500053105 = {
			buildActionMask = 2147483647;
			files = (
			);
			isa = PBXFrameworksBuildPhase;
			runOnlyForDeploymentPostprocessing = 0;
		};
		4BA1CADD0470D14500053105 = {
			buildActionMask = 2147483647;
			files = (
			);
			isa = PBXRezBuildPhase;
			runOnlyForDeploymentPostprocessing = 0;
		};
		4BA1CADE0470D14500053105 = {
			buildPhases = (
				4BA1CAD90470D14500053105,
				4BA1CADA0470D14500053105,
				4BA1CADB0470D14500053105,
				4BA1CADC0470D14500053105,
				4BA1CADD0470D14500053105,
			);
			buildSettings = {
				DYLIB_COMPATIBILITY_VERSION = 1;
				DYLIB_CURRENT_VERSION = 1;
				FRAMEWORK_VERSION = A;
				HEADER_SEARCH_PATHS = ". /sw/include ../";
				LIBRARY_SEARCH_PATHS = /sw/lib;
				OPTIMIZATION_CFLAGS = "-O3";
				OTHER_CFLAGS = "";
				OTHER_LDFLAGS = "-framework CoreAudio ";
				OTHER_LIBTOOL_FLAGS = "";
				OTHER_REZFLAGS = "";
				PRINCIPAL_CLASS = "";
				PRODUCT_NAME = Jack;
				SECTORDER_FLAGS = "";
				WARNING_CFLAGS = "-Wmost -Wno-four-char-constants -Wno-unknown-pragmas";
				WRAPPER_EXTENSION = framework;
			};
			dependencies = (
			);
			isa = PBXFrameworkTarget;
			name = "Jack framework";
			productInstallPath = "$(LOCAL_LIBRARY_DIR)/Frameworks";
			productName = Jack;
			productReference = 4BA1CADF0470D14500053105;
			productSettingsXML = "<?xml version=\"1.0\" encoding=\"UTF-8\"?>
<!DOCTYPE plist PUBLIC \"-//Apple Computer//DTD PLIST 1.0//EN\" \"http://www.apple.com/DTDs/PropertyList-1.0.dtd\">
<plist version=\"1.0\">
<dict>
	<key>CFBundleDevelopmentRegion</key>
	<string>English</string>
	<key>CFBundleExecutable</key>
	<string></string>
	<key>CFBundleGetInfoString</key>
	<string></string>
	<key>CFBundleIconFile</key>
	<string></string>
	<key>CFBundleIdentifier</key>
	<string></string>
	<key>CFBundleInfoDictionaryVersion</key>
	<string>6.0</string>
	<key>CFBundleName</key>
	<string></string>
	<key>CFBundlePackageType</key>
	<string>FMWK</string>
	<key>CFBundleShortVersionString</key>
	<string></string>
	<key>CFBundleSignature</key>
	<string>????</string>
	<key>CFBundleVersion</key>
	<string>0.0.1d1</string>
</dict>
</plist>
";
		};
		4BA1CADF0470D14500053105 = {
			isa = PBXFrameworkReference;
			path = Jack.framework;
			refType = 3;
		};
		4BA1CAE00470D16200053105 = {
			fileRef = 4B6BFD45042B4E4D00053105;
			isa = PBXBuildFile;
			settings = {
			};
		};
		4BA1CAE10470D16300053105 = {
			fileRef = 4B813E0D0406ACEE00053105;
			isa = PBXBuildFile;
			settings = {
			};
		};
		4BA1CAE20470D16300053105 = {
			fileRef = 4B813E110406AD4900053105;
			isa = PBXBuildFile;
			settings = {
			};
		};
		4BA1CAE30470D16400053105 = {
			fileRef = 4B813E120406AD4900053105;
			isa = PBXBuildFile;
			settings = {
			};
		};
		4BA1CAE40470D16400053105 = {
			fileRef = 4BB407B0044DB8EF00053105;
			isa = PBXBuildFile;
			settings = {
			};
		};
		4BA1CAE50470D1FA00053105 = {
			fileRef = 4B6CBA3F041F4F4D00053105;
			isa = PBXBuildFile;
			settings = {
			};
		};
		4BA1CAE60470D1FB00053105 = {
			fileRef = 4B16FF900467B5A000053105;
			isa = PBXBuildFile;
			settings = {
			};
		};
		4BA1CAE70470D1FB00053105 = {
			fileRef = 4B099342041FB67A00053105;
			isa = PBXBuildFile;
			settings = {
			};
		};
		4BA1CAE80470D1FC00053105 = {
			fileRef = 4B099343041FB67A00053105;
			isa = PBXBuildFile;
			settings = {
			};
		};
		4BA1CAEA0470D1FD00053105 = {
			fileRef = 4BB9E091046FADED00053105;
			isa = PBXBuildFile;
			settings = {
			};
		};
		4BA1CAEC0470D24100053105 = {
			fileRef = 4BA7167B0408F4AD004F4E3A;
			isa = PBXBuildFile;
			settings = {
				ATTRIBUTES = (
					Public,
				);
			};
		};
		4BA1CAED0470D24300053105 = {
			fileRef = 4BA716740408F4AD004F4E3A;
			isa = PBXBuildFile;
			settings = {
				ATTRIBUTES = (
					Public,
				);
			};
		};
		4BA1CAEE0470D24500053105 = {
			fileRef = 4BA716850408F4AD004F4E3A;
			isa = PBXBuildFile;
			settings = {
				ATTRIBUTES = (
					Public,
				);
			};
		};
		4BA1CAEF0470D26000053105 = {
			fileRef = 4BA716840408F4AD004F4E3A;
			isa = PBXBuildFile;
			settings = {
				ATTRIBUTES = (
					Public,
				);
			};
		};
		4BA1CAFC0470D38800053105 = {
			buildActionMask = 2147483647;
			files = (
			);
			isa = PBXHeadersBuildPhase;
			runOnlyForDeploymentPostprocessing = 0;
		};
		4BA1CAFD0470D38800053105 = {
			buildActionMask = 2147483647;
			files = (
				4BA1CB040470D3B100053105,
			);
			isa = PBXSourcesBuildPhase;
			runOnlyForDeploymentPostprocessing = 0;
		};
		4BA1CAFE0470D38800053105 = {
			buildActionMask = 2147483647;
			files = (
			);
			isa = PBXFrameworksBuildPhase;
			runOnlyForDeploymentPostprocessing = 0;
		};
		4BA1CAFF0470D38800053105 = {
			buildActionMask = 2147483647;
			files = (
			);
			isa = PBXRezBuildPhase;
			runOnlyForDeploymentPostprocessing = 0;
		};
		4BA1CB000470D38800053105 = {
			buildPhases = (
				4BA1CAFC0470D38800053105,
				4BA1CAFD0470D38800053105,
				4BA1CAFE0470D38800053105,
				4BA1CAFF0470D38800053105,
			);
			buildSettings = {
				OTHER_CFLAGS = "";
				OTHER_LDFLAGS = "-framework Jack";
				OTHER_REZFLAGS = "";
				PRODUCT_NAME = jack_disconnect;
				REZ_EXECUTABLE = YES;
				SECTORDER_FLAGS = "";
				WARNING_CFLAGS = "-Wmost -Wno-four-char-constants -Wno-unknown-pragmas";
			};
			dependencies = (
			);
			isa = PBXToolTarget;
			name = jack_disconnect;
			productInstallPath = /usr/local/bin;
			productName = jack_disconnect;
			productReference = 4BA1CB010470D38800053105;
		};
		4BA1CB010470D38800053105 = {
			isa = PBXExecutableFileReference;
			path = jack_disconnect;
			refType = 3;
		};
		4BA1CB040470D3B100053105 = {
			fileRef = 4BF87132040BDEAE00053105;
			isa = PBXBuildFile;
			settings = {
			};
		};
		4BA1E44F0442D89100053105 = {
			fileEncoding = 30;
			isa = PBXFileReference;
			name = lsp.c;
			path = "../example-clients/lsp.c";
			refType = 4;
		};
		4BA1E4530442D99D00053105 = {
			buildActionMask = 2147483647;
			files = (
			);
			isa = PBXHeadersBuildPhase;
			runOnlyForDeploymentPostprocessing = 0;
		};
		4BA1E4540442D99D00053105 = {
			buildActionMask = 2147483647;
			files = (
				4BA1E45A0442D9A500053105,
			);
			isa = PBXSourcesBuildPhase;
			runOnlyForDeploymentPostprocessing = 0;
		};
		4BA1E4550442D99D00053105 = {
			buildActionMask = 2147483647;
			files = (
			);
			isa = PBXFrameworksBuildPhase;
			runOnlyForDeploymentPostprocessing = 0;
		};
		4BA1E4560442D99D00053105 = {
			buildActionMask = 2147483647;
			files = (
			);
			isa = PBXRezBuildPhase;
			runOnlyForDeploymentPostprocessing = 0;
		};
		4BA1E4570442D99D00053105 = {
			buildPhases = (
				4BA1E4530442D99D00053105,
				4BA1E4540442D99D00053105,
				4BA1E4550442D99D00053105,
				4BA1E4560442D99D00053105,
			);
			buildSettings = {
				HEADER_SEARCH_PATHS = ". ../";
				OTHER_CFLAGS = "";
				OTHER_LDFLAGS = "-framework Jack";
				OTHER_REZFLAGS = "";
				PRODUCT_NAME = jack_lsp;
				REZ_EXECUTABLE = YES;
				SECTORDER_FLAGS = "";
				WARNING_CFLAGS = "-Wmost -Wno-four-char-constants -Wno-unknown-pragmas";
			};
			dependencies = (
			);
			isa = PBXToolTarget;
			name = jack_lsp;
			productInstallPath = /usr/local/bin;
			productName = jack_lsp;
			productReference = 4BA1E4580442D99D00053105;
		};
		4BA1E4580442D99D00053105 = {
			isa = PBXExecutableFileReference;
			path = jack_lsp;
			refType = 3;
		};
		4BA1E45A0442D9A500053105 = {
			fileRef = 4BA1E44F0442D89100053105;
			isa = PBXBuildFile;
			settings = {
			};
		};
		4BA7165F0408DFF5004F4E3A = {
			children = (
				4B5EA37B0406AB6E00053105,
				4B5EA35F0406AB6E00053105,
				4B813E0F0406AD3100053105,
			);
			isa = PBXGroup;
			name = Server;
			refType = 4;
		};
		4BA716600408E047004F4E3A = {
			children = (
				4BB967410474044200053105,
				4BB967420474044200053105,
			);
			isa = PBXGroup;
			name = Driver;
			refType = 4;
		};
		4BA716710408F4AD004F4E3A = {
			fileEncoding = 30;
			isa = PBXFileReference;
			name = cycles.h;
			path = ../jack/cycles.h;
			refType = 2;
		};
		4BA716720408F4AD004F4E3A = {
			fileEncoding = 30;
			isa = PBXFileReference;
			name = driver.h;
			path = ../jack/driver.h;
			refType = 2;
		};
		4BA716730408F4AD004F4E3A = {
			fileEncoding = 30;
			isa = PBXFileReference;
			name = engine.h;
			path = ../jack/engine.h;
			refType = 2;
		};
		4BA716740408F4AD004F4E3A = {
			fileEncoding = 30;
			isa = PBXFileReference;
			name = error.h;
			path = ../jack/error.h;
			refType = 2;
		};
		4BA716750408F4AD004F4E3A = {
			fileEncoding = 30;
			isa = PBXFileReference;
			name = generic.h;
			path = ../jack/generic.h;
			refType = 2;
		};
		4BA716770408F4AD004F4E3A = {
			fileEncoding = 30;
			isa = PBXFileReference;
			name = hardware.h;
			path = ../jack/hardware.h;
			refType = 2;
		};
		4BA7167A0408F4AD004F4E3A = {
			fileEncoding = 30;
			isa = PBXFileReference;
			name = internal.h;
			path = ../jack/internal.h;
			refType = 2;
		};
		4BA7167B0408F4AD004F4E3A = {
			fileEncoding = 30;
			isa = PBXFileReference;
			name = jack.h;
			path = ../jack/jack.h;
			refType = 2;
		};
		4BA7167C0408F4AD004F4E3A = {
			fileEncoding = 30;
			isa = PBXFileReference;
			name = jslist.h;
			path = ../jack/jslist.h;
			refType = 2;
		};
		4BA7167F0408F4AD004F4E3A = {
			fileEncoding = 30;
			isa = PBXFileReference;
			name = memops.h;
			path = ../jack/memops.h;
			refType = 2;
		};
		4BA716800408F4AD004F4E3A = {
			fileEncoding = 30;
			isa = PBXFileReference;
			name = pool.h;
			path = ../jack/pool.h;
			refType = 2;
		};
		4BA716810408F4AD004F4E3A = {
			fileEncoding = 30;
			isa = PBXFileReference;
			name = port.h;
			path = ../jack/port.h;
			refType = 2;
		};
		4BA716820408F4AD004F4E3A = {
			fileEncoding = 30;
			isa = PBXFileReference;
			name = start.h;
			path = ../jack/start.h;
			refType = 2;
		};
		4BA716830408F4AD004F4E3A = {
			fileEncoding = 30;
			isa = PBXFileReference;
			name = timestamps.h;
			path = ../jack/timestamps.h;
			refType = 2;
		};
		4BA716840408F4AD004F4E3A = {
			fileEncoding = 30;
			isa = PBXFileReference;
			name = transport.h;
			path = ../jack/transport.h;
			refType = 2;
		};
		4BA716850408F4AD004F4E3A = {
			fileEncoding = 30;
			isa = PBXFileReference;
			name = types.h;
			path = ../jack/types.h;
			refType = 2;
		};
		4BA716860408F4AD004F4E3A = {
			fileEncoding = 30;
			isa = PBXFileReference;
			name = version.h;
			path = ../jack/version.h;
			refType = 2;
		};
		4BA7173304090368004F4E3A = {
			fileRef = 4BA716710408F4AD004F4E3A;
			isa = PBXBuildFile;
			settings = {
			};
		};
		4BA7173404090369004F4E3A = {
			fileRef = 4BA716720408F4AD004F4E3A;
			isa = PBXBuildFile;
			settings = {
			};
		};
		4BA7173504090369004F4E3A = {
			fileRef = 4BA716730408F4AD004F4E3A;
			isa = PBXBuildFile;
			settings = {
			};
		};
		4BA717360409036A004F4E3A = {
			fileRef = 4BA716740408F4AD004F4E3A;
			isa = PBXBuildFile;
			settings = {
			};
		};
		4BA717370409036A004F4E3A = {
			fileRef = 4BA716750408F4AD004F4E3A;
			isa = PBXBuildFile;
			settings = {
			};
		};
		4BA717380409036B004F4E3A = {
			fileRef = 4BA716770408F4AD004F4E3A;
			isa = PBXBuildFile;
			settings = {
			};
		};
		4BA717390409036C004F4E3A = {
			fileRef = 4BA7167A0408F4AD004F4E3A;
			isa = PBXBuildFile;
			settings = {
			};
		};
		4BA7173A0409036C004F4E3A = {
			fileRef = 4BA7167B0408F4AD004F4E3A;
			isa = PBXBuildFile;
			settings = {
			};
		};
		4BA7173B0409036D004F4E3A = {
			fileRef = 4BA7167C0408F4AD004F4E3A;
			isa = PBXBuildFile;
			settings = {
			};
		};
		4BA7173C0409036D004F4E3A = {
			fileRef = 4BA7167F0408F4AD004F4E3A;
			isa = PBXBuildFile;
			settings = {
			};
		};
		4BA7173D0409036E004F4E3A = {
			fileRef = 4BA716800408F4AD004F4E3A;
			isa = PBXBuildFile;
			settings = {
			};
		};
		4BA7173E0409036F004F4E3A = {
			fileRef = 4BA716810408F4AD004F4E3A;
			isa = PBXBuildFile;
			settings = {
			};
		};
		4BA7173F0409036F004F4E3A = {
			fileRef = 4BA716820408F4AD004F4E3A;
			isa = PBXBuildFile;
			settings = {
			};
		};
		4BA7174004090370004F4E3A = {
			fileRef = 4BA716830408F4AD004F4E3A;
			isa = PBXBuildFile;
			settings = {
			};
		};
		4BA7174104090370004F4E3A = {
			fileRef = 4BA716840408F4AD004F4E3A;
			isa = PBXBuildFile;
			settings = {
			};
		};
		4BA7174204090371004F4E3A = {
			fileRef = 4BA716850408F4AD004F4E3A;
			isa = PBXBuildFile;
			settings = {
			};
		};
		4BA7174304090372004F4E3A = {
			fileRef = 4BA716860408F4AD004F4E3A;
			isa = PBXBuildFile;
			settings = {
			};
		};
		4BA9D903040E0CC200053105 = {
			children = (
				4BA716710408F4AD004F4E3A,
				4BA716720408F4AD004F4E3A,
				4BA716730408F4AD004F4E3A,
				4BA716740408F4AD004F4E3A,
				4BA716750408F4AD004F4E3A,
				4BA716770408F4AD004F4E3A,
				4BA7167A0408F4AD004F4E3A,
				4BA7167B0408F4AD004F4E3A,
				4BA7167C0408F4AD004F4E3A,
				4BA7167F0408F4AD004F4E3A,
				4BA716800408F4AD004F4E3A,
				4BA716810408F4AD004F4E3A,
				4BA716820408F4AD004F4E3A,
				4BA716830408F4AD004F4E3A,
				4BA716840408F4AD004F4E3A,
				4BA716850408F4AD004F4E3A,
				4BA716860408F4AD004F4E3A,
				4B6BFD3D042B26F800053105,
				4B6BFD41042B274900053105,
				4BD69BCA040A857A00053105,
			);
			isa = PBXGroup;
			name = Headers;
			refType = 4;
		};
		4BAA76A6047E0D5200053105 = {
			fileEncoding = 30;
			isa = PBXFileReference;
			path = getopt.h;
			refType = 2;
		};
		4BAA76A7047E0D5200053105 = {
			fileRef = 4BAA76A6047E0D5200053105;
			isa = PBXBuildFile;
			settings = {
			};
		};
		4BB407B0044DB8EF00053105 = {
			fileEncoding = 30;
			isa = PBXFileReference;
			name = shm.c;
			path = ../libjack/shm.c;
			refType = 4;
		};
		4BB407B2044DB8EF00053105 = {
			fileRef = 4BB407B0044DB8EF00053105;
			isa = PBXBuildFile;
			settings = {
			};
		};
		4BB407C3044DBEA700053105 = {
			fileRef = 4BB407B0044DB8EF00053105;
			isa = PBXBuildFile;
			settings = {
			};
		};
		4BB967410474044200053105 = {
			fileEncoding = 30;
			isa = PBXFileReference;
			name = portaudio_driver.c;
			path = ../drivers/portaudio/portaudio_driver.c;
			refType = 2;
		};
		4BB967420474044200053105 = {
			fileEncoding = 30;
			isa = PBXFileReference;
			name = portaudio_driver.h;
			path = ../drivers/portaudio/portaudio_driver.h;
			refType = 2;
		};
		4BB967430474044200053105 = {
			fileRef = 4BB967410474044200053105;
			isa = PBXBuildFile;
			settings = {
			};
		};
		4BB967440474044200053105 = {
			fileRef = 4BB967420474044200053105;
			isa = PBXBuildFile;
			settings = {
			};
		};
		4BB9E091046FADED00053105 = {
			fileEncoding = 30;
			isa = PBXFileReference;
			path = mach_port.h;
			refType = 4;
		};
		4BB9E095046FADED00053105 = {
			fileRef = 4BB9E091046FADED00053105;
			isa = PBXBuildFile;
			settings = {
			};
		};
		4BB9E097046FB05700053105 = {
			fileRef = 4BB9E091046FADED00053105;
			isa = PBXBuildFile;
			settings = {
			};
		};
		4BBB872C0406EF300019BE76 = {
			buildActionMask = 2147483647;
			files = (
				4B099349041FB67A00053105,
				4B6BFD40042B26F800053105,
				4B6BFD44042B274900053105,
				4BB9E097046FB05700053105,
				4BB967440474044200053105,
				4B5B51EC047D353A00053105,
			);
			isa = PBXHeadersBuildPhase;
			runOnlyForDeploymentPostprocessing = 0;
		};
		4BBB872D0406EF300019BE76 = {
			buildActionMask = 2147483647;
			files = (
				4B032A29040AA91C00053105,
				4B032A2B040AA94B00053105,
				4B032A2C040AA95400053105,
				4B6CBA67041F79CE00053105,
				4B099348041FB67A00053105,
				4B6BFD48042B4F0800053105,
				4BB407C3044DBEA700053105,
				4BB967430474044200053105,
				4B5B51EB047D353A00053105,
			);
			isa = PBXSourcesBuildPhase;
			runOnlyForDeploymentPostprocessing = 0;
		};
		4BBB872E0406EF300019BE76 = {
			buildActionMask = 2147483647;
			files = (
			);
			isa = PBXFrameworksBuildPhase;
			runOnlyForDeploymentPostprocessing = 0;
		};
		4BBB872F0406EF300019BE76 = {
			buildActionMask = 2147483647;
			files = (
			);
			isa = PBXRezBuildPhase;
			runOnlyForDeploymentPostprocessing = 0;
		};
		4BBB87300406EF300019BE76 = {
			buildPhases = (
				4BBB872C0406EF300019BE76,
				4BBB872D0406EF300019BE76,
				4BBB872E0406EF300019BE76,
				4BBB872F0406EF300019BE76,
			);
			buildSettings = {
				DYLIB_COMPATIBILITY_VERSION = 1;
				DYLIB_CURRENT_VERSION = 1;
				HEADER_SEARCH_PATHS = "../ /sw/include";
				LIBRARY_SEARCH_PATHS = /sw/lib;
				LIBRARY_STYLE = BUNDLE;
				OPTIMIZATION_CFLAGS = "-O3";
				OTHER_LDFLAGS = "-framework PortAudio  -framework CoreAudio ";
				OTHER_LIBTOOL_FLAGS = "";
				OTHER_REZFLAGS = "";
				PRODUCT_NAME = jack_portaudio.so;
				REZ_EXECUTABLE = YES;
				SECTORDER_FLAGS = "";
				WARNING_CFLAGS = "-Wmost -Wno-four-char-constants -Wno-unknown-pragmas";
			};
			dependencies = (
			);
			isa = PBXLibraryTarget;
			name = driver;
			productInstallPath = /usr/local/lib;
			productName = driver;
			productReference = 4BBB87310406EF300019BE76;
		};
		4BBB87310406EF300019BE76 = {
			isa = PBXLibraryReference;
			path = jack_portaudio.so;
			refType = 3;
		};
		4BCA25FE040B8B9400053105 = {
			buildActionMask = 2147483647;
			files = (
			);
			isa = PBXHeadersBuildPhase;
			runOnlyForDeploymentPostprocessing = 0;
		};
		4BCA25FF040B8B9400053105 = {
			buildActionMask = 2147483647;
			files = (
				4BCA2606040B8BC900053105,
			);
			isa = PBXSourcesBuildPhase;
			runOnlyForDeploymentPostprocessing = 0;
		};
		4BCA2600040B8B9400053105 = {
			buildActionMask = 2147483647;
			files = (
			);
			isa = PBXFrameworksBuildPhase;
			runOnlyForDeploymentPostprocessing = 0;
		};
		4BCA2601040B8B9400053105 = {
			buildActionMask = 2147483647;
			files = (
			);
			isa = PBXRezBuildPhase;
			runOnlyForDeploymentPostprocessing = 0;
		};
		4BCA2602040B8B9400053105 = {
			buildPhases = (
				4BCA25FE040B8B9400053105,
				4BCA25FF040B8B9400053105,
				4BCA2600040B8B9400053105,
				4BCA2601040B8B9400053105,
			);
			buildSettings = {
				HEADER_SEARCH_PATHS = ../;
				OPTIMIZATION_CFLAGS = "-O0";
				OTHER_CFLAGS = "";
				OTHER_LDFLAGS = "-framework Jack";
				OTHER_REZFLAGS = "";
				PREBINDING = NO;
				PRODUCT_NAME = jack_metro;
				REZ_EXECUTABLE = YES;
				SECTORDER_FLAGS = "";
				WARNING_CFLAGS = "-Wmost -Wno-four-char-constants -Wno-unknown-pragmas";
			};
			dependencies = (
			);
			isa = PBXToolTarget;
			name = jack_metro;
			productInstallPath = /usr/local/bin;
			productName = metro;
			productReference = 4BCA2603040B8B9400053105;
		};
		4BCA2603040B8B9400053105 = {
			isa = PBXExecutableFileReference;
			path = jack_metro;
			refType = 3;
		};
		4BCA2605040B8BC900053105 = {
			fileEncoding = 30;
			isa = PBXFileReference;
			name = metro.c;
			path = "../example-clients/metro.c";
			refType = 4;
		};
		4BCA2606040B8BC900053105 = {
			fileRef = 4BCA2605040B8BC900053105;
			isa = PBXBuildFile;
			settings = {
			};
		};
		4BD69BCA040A857A00053105 = {
			fileEncoding = 30;
			isa = PBXFileReference;
			path = fakepoll.h;
			refType = 2;
		};
		4BD69BCE040A860400053105 = {
			fileRef = 4B5EA37B0406AB6E00053105;
			isa = PBXBuildFile;
			settings = {
			};
		};
		4BD69BCF040A860800053105 = {
			fileRef = 4B813E0F0406AD3100053105;
			isa = PBXBuildFile;
			settings = {
			};
		};
		4BDCF513040CDA7100053105 = {
			fileEncoding = 30;
			isa = PBXFileReference;
			name = freeverb.cpp;
			path = "../example-clients/freeverb.cpp";
			refType = 4;
		};
		4BE14029041FB98500053105 = {
			fileRef = 4B099342041FB67A00053105;
			isa = PBXBuildFile;
			settings = {
			};
		};
		4BF8712B040BDE8200053105 = {
			buildActionMask = 2147483647;
			files = (
			);
			isa = PBXHeadersBuildPhase;
			runOnlyForDeploymentPostprocessing = 0;
		};
		4BF8712C040BDE8200053105 = {
			buildActionMask = 2147483647;
			files = (
				4BF87133040BDEAE00053105,
			);
			isa = PBXSourcesBuildPhase;
			runOnlyForDeploymentPostprocessing = 0;
		};
		4BF8712D040BDE8200053105 = {
			buildActionMask = 2147483647;
			files = (
			);
			isa = PBXFrameworksBuildPhase;
			runOnlyForDeploymentPostprocessing = 0;
		};
		4BF8712E040BDE8200053105 = {
			buildActionMask = 2147483647;
			files = (
			);
			isa = PBXRezBuildPhase;
			runOnlyForDeploymentPostprocessing = 0;
		};
		4BF8712F040BDE8200053105 = {
			buildPhases = (
				4BF8712B040BDE8200053105,
				4BF8712C040BDE8200053105,
				4BF8712D040BDE8200053105,
				4BF8712E040BDE8200053105,
			);
			buildSettings = {
				HEADER_SEARCH_PATHS = ../;
				OTHER_CFLAGS = "";
				OTHER_LDFLAGS = "-framework Jack";
				OTHER_REZFLAGS = "";
				PRODUCT_NAME = jack_connect;
				REZ_EXECUTABLE = YES;
				SECTORDER_FLAGS = "";
				WARNING_CFLAGS = "-Wmost -Wno-four-char-constants -Wno-unknown-pragmas";
			};
			dependencies = (
			);
			isa = PBXToolTarget;
			name = jack_connect;
			productInstallPath = /usr/local/bin;
			productName = connect;
			productReference = 4BF87130040BDE8200053105;
		};
		4BF87130040BDE8200053105 = {
			isa = PBXExecutableFileReference;
			path = jack_connect;
			refType = 3;
		};
		4BF87132040BDEAE00053105 = {
			fileEncoding = 30;
			isa = PBXFileReference;
			name = connect.c;
			path = "../example-clients/connect.c";
			refType = 4;
		};
		4BF87133040BDEAE00053105 = {
			fileRef = 4BF87132040BDEAE00053105;
			isa = PBXBuildFile;
			settings = {
			};
		};
//4B0
//4B1
//4B2
//4B3
//4B4
//C60
//C61
//C62
//C63
//C64
		C6A0FF2B0290797F04C91782 = {
			children = (
				C6A0FF2C0290799A04C91782,
			);
			isa = PBXGroup;
			name = Documentation;
			refType = 4;
		};
		C6A0FF2C0290799A04C91782 = {
			isa = PBXFileReference;
			path = jackd.1;
			refType = 4;
		};
		C6A0FF2D029079AD04C91782 = {
			buildActionMask = 8;
			dstPath = /usr/share/man/man1/;
			dstSubfolderSpec = 0;
			files = (
				C6A0FF2E029079C004C91782,
			);
			isa = PBXCopyFilesBuildPhase;
			runOnlyForDeploymentPostprocessing = 1;
		};
		C6A0FF2E029079C004C91782 = {
			fileRef = C6A0FF2C0290799A04C91782;
			isa = PBXBuildFile;
			settings = {
			};
		};
	};
	rootObject = 08FB7793FE84155DC02AAC07;
}
